
Microsoft Visual Studio Solution File, Format Version 12.00
# Visual Studio 15
VisualStudioVersion = 15.0.27703.2047
MinimumVisualStudioVersion = 10.0.40219.1
Project("{FAE04EC0-301F-11D3-BF4B-00C04F79EFBC}") = "Proyecto1", "Proyecto1\Proyecto1.csproj", "{7445612D-9104-4786-A3FF-0A8C97821A02}"
EndProject
Project("{FAE04EC0-301F-11D3-BF4B-00C04F79EFBC}") = "Ejercicio_01", "Ejercicio_01\Ejercicio_01.csproj", "{829F4B28-D632-49BF-BE49-2AD785AF8FCB}"
EndProject
Global
	GlobalSection(SolutionConfigurationPlatforms) = preSolution
		Debug|Any CPU = Debug|Any CPU
		Release|Any CPU = Release|Any CPU
	EndGlobalSection
	GlobalSection(ProjectConfigurationPlatforms) = postSolution
		{7445612D-9104-4786-A3FF-0A8C97821A02}.Debug|Any CPU.ActiveCfg = Debug|Any CPU
		{7445612D-9104-4786-A3FF-0A8C97821A02}.Debug|Any CPU.Build.0 = Debug|Any CPU
		{7445612D-9104-4786-A3FF-0A8C97821A02}.Release|Any CPU.ActiveCfg = Release|Any CPU
		{7445612D-9104-4786-A3FF-0A8C97821A02}.Release|Any CPU.Build.0 = Release|Any CPU
		{829F4B28-D632-49BF-BE49-2AD785AF8FCB}.Debug|Any CPU.ActiveCfg = Debug|Any CPU
		{829F4B28-D632-49BF-BE49-2AD785AF8FCB}.Debug|Any CPU.Build.0 = Debug|Any CPU
		{829F4B28-D632-49BF-BE49-2AD785AF8FCB}.Release|Any CPU.ActiveCfg = Release|Any CPU
		{829F4B28-D632-49BF-BE49-2AD785AF8FCB}.Release|Any CPU.Build.0 = Release|Any CPU
	EndGlobalSection
	GlobalSection(SolutionProperties) = preSolution
		HideSolutionNode = FALSE
	EndGlobalSection
	GlobalSection(ExtensibilityGlobals) = postSolution
		SolutionGuid = {61C54361-0D99-4CD9-9425-0274FBEC5DE6}
	EndGlobalSection
EndGlobal
